
Microsoft Visual Studio Solution File, Format Version 12.00
# Visual Studio Version 17
VisualStudioVersion = 17.14.36203.30 d17.14
MinimumVisualStudioVersion = 10.0.40219.1
Project("{FAE04EC0-301F-11D3-BF4B-00C04F79EFBC}") = "FantasyApp.Backend", "FantasyApp.Backend\FantasyApp.Backend.csproj", "{667AED27-2E9E-4414-B8D8-AFD6F51F91F5}"
EndProject
Project("{FAE04EC0-301F-11D3-BF4B-00C04F79EFBC}") = "FantasyApp.FrontEnd", "FantasyApp.FrontEnd\FantasyApp.FrontEnd.csproj", "{F61249AC-AE64-4A01-82FB-1ACC9BB7AF24}"
EndProject
Project("{FAE04EC0-301F-11D3-BF4B-00C04F79EFBC}") = "FantasyApp.Shared", "FantasyApp.Shared\FantasyApp.Shared.csproj", "{B2AF1136-DFA2-4223-93F7-ABF9403646EA}"
EndProject
Project("{FAE04EC0-301F-11D3-BF4B-00C04F79EFBC}") = "FantasyApp.Test", "FantasyApp.Test\FantasyApp.Test.csproj", "{351B76CD-2419-40C3-A7A0-182A1A5B53C7}"
EndProject
Global
	GlobalSection(SolutionConfigurationPlatforms) = preSolution
		Debug|Any CPU = Debug|Any CPU
		Release|Any CPU = Release|Any CPU
	EndGlobalSection
	GlobalSection(ProjectConfigurationPlatforms) = postSolution
		{667AED27-2E9E-4414-B8D8-AFD6F51F91F5}.Debug|Any CPU.ActiveCfg = Debug|Any CPU
		{667AED27-2E9E-4414-B8D8-AFD6F51F91F5}.Debug|Any CPU.Build.0 = Debug|Any CPU
		{667AED27-2E9E-4414-B8D8-AFD6F51F91F5}.Release|Any CPU.ActiveCfg = Release|Any CPU
		{667AED27-2E9E-4414-B8D8-AFD6F51F91F5}.Release|Any CPU.Build.0 = Release|Any CPU
		{F61249AC-AE64-4A01-82FB-1ACC9BB7AF24}.Debug|Any CPU.ActiveCfg = Debug|Any CPU
		{F61249AC-AE64-4A01-82FB-1ACC9BB7AF24}.Debug|Any CPU.Build.0 = Debug|Any CPU
		{F61249AC-AE64-4A01-82FB-1ACC9BB7AF24}.Release|Any CPU.ActiveCfg = Release|Any CPU
		{F61249AC-AE64-4A01-82FB-1ACC9BB7AF24}.Release|Any CPU.Build.0 = Release|Any CPU
		{B2AF1136-DFA2-4223-93F7-ABF9403646EA}.Debug|Any CPU.ActiveCfg = Debug|Any CPU
		{B2AF1136-DFA2-4223-93F7-ABF9403646EA}.Debug|Any CPU.Build.0 = Debug|Any CPU
		{B2AF1136-DFA2-4223-93F7-ABF9403646EA}.Release|Any CPU.ActiveCfg = Release|Any CPU
		{B2AF1136-DFA2-4223-93F7-ABF9403646EA}.Release|Any CPU.Build.0 = Release|Any CPU
		{351B76CD-2419-40C3-A7A0-182A1A5B53C7}.Debug|Any CPU.ActiveCfg = Debug|Any CPU
		{351B76CD-2419-40C3-A7A0-182A1A5B53C7}.Debug|Any CPU.Build.0 = Debug|Any CPU
		{351B76CD-2419-40C3-A7A0-182A1A5B53C7}.Release|Any CPU.ActiveCfg = Release|Any CPU
		{351B76CD-2419-40C3-A7A0-182A1A5B53C7}.Release|Any CPU.Build.0 = Release|Any CPU
	EndGlobalSection
	GlobalSection(SolutionProperties) = preSolution
		HideSolutionNode = FALSE
	EndGlobalSection
	GlobalSection(ExtensibilityGlobals) = postSolution
		SolutionGuid = {51800D0C-0C19-4746-8595-494A0E2E8C03}
	EndGlobalSection
EndGlobal
